// !$*UTF8*$!
{
	archiveVersion = 1;
	classes = {
	};
	objectVersion = 46;
	objects = {

/* Begin PBXBuildFile section */
		94D273F61C61927900C1A569 /* AppDelegate.swift in Sources */ = {isa = PBXBuildFile; fileRef = 94D273F51C61927900C1A569 /* AppDelegate.swift */; };
		94D273F81C61927900C1A569 /* ViewController.swift in Sources */ = {isa = PBXBuildFile; fileRef = 94D273F71C61927900C1A569 /* ViewController.swift */; };
		94D273FB1C61927900C1A569 /* Main.storyboard in Resources */ = {isa = PBXBuildFile; fileRef = 94D273F91C61927900C1A569 /* Main.storyboard */; };
		94D273FD1C61927900C1A569 /* Assets.xcassets in Resources */ = {isa = PBXBuildFile; fileRef = 94D273FC1C61927900C1A569 /* Assets.xcassets */; };
		94D274001C61927900C1A569 /* LaunchScreen.storyboard in Resources */ = {isa = PBXBuildFile; fileRef = 94D273FE1C61927900C1A569 /* LaunchScreen.storyboard */; };
/* End PBXBuildFile section */

/* Begin PBXFileReference section */
		94D273F21C61927900C1A569 /* tapper.app */ = {isa = PBXFileReference; explicitFileType = wrapper.application; includeInIndex = 0; path = tapper.app; sourceTree = BUILT_PRODUCTS_DIR; };
		94D273F51C61927900C1A569 /* AppDelegate.swift */ = {isa = PBXFileReference; lastKnownFileType = sourcecode.swift; path = AppDelegate.swift; sourceTree = "<group>"; };
		94D273F71C61927900C1A569 /* ViewController.swift */ = {isa = PBXFileReference; lastKnownFileType = sourcecode.swift; path = ViewController.swift; sourceTree = "<group>"; };
		94D273FA1C61927900C1A569 /* Base */ = {isa = PBXFileReference; lastKnownFileType = file.storyboard; name = Base; path = Base.lproj/Main.storyboard; sourceTree = "<group>"; };
		94D273FC1C61927900C1A569 /* Assets.xcassets */ = {isa = PBXFileReference; lastKnownFileType = folder.assetcatalog; path = Assets.xcassets; sourceTree = "<group>"; };
		94D273FF1C61927900C1A569 /* Base */ = {isa = PBXFileReference; lastKnownFileType = file.storyboard; name = Base; path = Base.lproj/LaunchScreen.storyboard; sourceTree = "<group>"; };
		94D274011C61927900C1A569 /* Info.plist */ = {isa = PBXFileReference; lastKnownFileType = text.plist.xml; path = Info.plist; sourceTree = "<group>"; };
/* End PBXFileReference section */

/* Begin PBXFrameworksBuildPhase section */
		94D273EF1C61927900C1A569 /* Frameworks */ = {
			isa = PBXFrameworksBuildPhase;
			buildActionMask = 2147483647;
			files = (
			);
			runOnlyForDeploymentPostprocessing = 0;
		};
/* End PBXFrameworksBuildPhase section */

/* Begin PBXGroup section */
		94D273E91C61927900C1A569 = {
			isa = PBXGroup;
			children = (
				94D273F41C61927900C1A569 /* tapper */,
				94D273F31C61927900C1A569 /* Products */,
			);
			sourceTree = "<group>";
		};
		94D273F31C61927900C1A569 /* Products */ = {
			isa = PBXGroup;
			children = (
				94D273F21C61927900C1A569 /* tapper.app */,
			);
			name = Products;
			sourceTree = "<group>";
		};
		94D273F41C61927900C1A569 /* tapper */ = {
			isa = PBXGroup;
			children = (
				94D273F51C61927900C1A569 /* AppDelegate.swift */,
				94D273F71C61927900C1A569 /* ViewController.swift */,
				94D273F91C61927900C1A569 /* Main.storyboard */,
				94D273FC1C61927900C1A569 /* Assets.xcassets */,
				94D273FE1C61927900C1A569 /* LaunchScreen.storyboard */,
				94D274011C61927900C1A569 /* Info.plist */,
			);
			path = tapper;
			sourceTree = "<group>";
		};
/* End PBXGroup section */

/* Begin PBXNativeTarget section */
		94D273F11C61927900C1A569 /* tapper */ = {
			isa = PBXNativeTarget;
			buildConfigurationList = 94D274041C61927900C1A569 /* Build configuration list for PBXNativeTarget "tapper" */;
			buildPhases = (
				94D273EE1C61927900C1A569 /* Sources */,
				94D273EF1C61927900C1A569 /* Frameworks */,
				94D273F01C61927900C1A569 /* Resources */,
			);
			buildRules = (
			);
			dependencies = (
			);
			name = tapper;
			productName = tapper;
			productReference = 94D273F21C61927900C1A569 /* tapper.app */;
			productType = "com.apple.product-type.application";
		};
/* End PBXNativeTarget section */

/* Begin PBXProject section */
		94D273EA1C61927900C1A569 /* Project object */ = {
			isa = PBXProject;
			attributes = {
				LastSwiftUpdateCheck = 0720;
				LastUpgradeCheck = 0720;
				ORGANIZATIONNAME = "Ryan Bernstein";
				TargetAttributes = {
					94D273F11C61927900C1A569 = {
						CreatedOnToolsVersion = 7.2;
					};
				};
			};
			buildConfigurationList = 94D273ED1C61927900C1A569 /* Build configuration list for PBXProject "tapper" */;
			compatibilityVersion = "Xcode 3.2";
			developmentRegion = English;
			hasScannedForEncodings = 0;
			knownRegions = (
				en,
				Base,
			);
			mainGroup = 94D273E91C61927900C1A569;
			productRefGroup = 94D273F31C61927900C1A569 /* Products */;
			projectDirPath = "";
			projectRoot = "";
			targets = (
				94D273F11C61927900C1A569 /* tapper */,
			);
		};
/* End PBXProject section */

/* Begin PBXResourcesBuildPhase section */
		94D273F01C61927900C1A569 /* Resources */ = {
			isa = PBXResourcesBuildPhase;
			buildActionMask = 2147483647;
			files = (
				94D274001C61927900C1A569 /* LaunchScreen.storyboard in Resources */,
				94D273FD1C61927900C1A569 /* Assets.xcassets in Resources */,
				94D273FB1C61927900C1A569 /* Main.storyboard in Resources */,
			);
			runOnlyForDeploymentPostprocessing = 0;
		};
/* End PBXResourcesBuildPhase section */

/* Begin PBXSourcesBuildPhase section */
		94D273EE1C61927900C1A569 /* Sources */ = {
			isa = PBXSourcesBuildPhase;
			buildActionMask = 2147483647;
			files = (
				94D273F81C61927900C1A569 /* ViewController.swift in Sources */,
				94D273F61C61927900C1A569 /* AppDelegate.swift in Sources */,
			);
			runOnlyForDeploymentPostprocessing = 0;
		};
/* End PBXSourcesBuildPhase section */

/* Begin PBXVariantGroup section */
		94D273F91C61927900C1A569 /* Main.storyboard */ = {
			isa = PBXVariantGroup;
			children = (
				94D273FA1C61927900C1A569 /* Base */,
			);
			name = Main.storyboard;
			sourceTree = "<group>";
		};
		94D273FE1C61927900C1A569 /* LaunchScreen.storyboard */ = {
			isa = PBXVariantGroup;
			children = (
				94D273FF1C61927900C1A569 /* Base */,
			);
			name = LaunchScreen.storyboard;
			sourceTree = "<group>";
		};
/* End PBXVariantGroup section */

/* Begin XCBuildConfiguration section */
		94D274021C61927900C1A569 /* Debug */ = {
			isa = XCBuildConfiguration;
			buildSettings = {
				ALWAYS_SEARCH_USER_PATHS = NO;
				CLANG_CXX_LANGUAGE_STANDARD = "gnu++0x";
				CLANG_CXX_LIBRARY = "libc++";
				CLANG_ENABLE_MODULES = YES;
				CLANG_ENABLE_OBJC_ARC = YES;
				CLANG_WARN_BOOL_CONVERSION = YES;
				CLANG_WARN_CONSTANT_CONVERSION = YES;
				CLANG_WARN_DIRECT_OBJC_ISA_USAGE = YES_ERROR;
				CLANG_WARN_EMPTY_BODY = YES;
				CLANG_WARN_ENUM_CONVERSION = YES;
				CLANG_WARN_INT_CONVERSION = YES;
				CLANG_WARN_OBJC_ROOT_CLASS = YES_ERROR;
				CLANG_WARN_UNREACHABLE_CODE = YES;
				CLANG_WARN__DUPLICATE_METHOD_MATCH = YES;
				"CODE_SIGN_IDENTITY[sdk=iphoneos*]" = "iPhone Developer";
				COPY_PHASE_STRIP = NO;
				DEBUG_INFORMATION_FORMAT = dwarf;
				ENABLE_STRICT_OBJC_MSGSEND = YES;
				ENABLE_TESTABILITY = YES;
				GCC_C_LANGUAGE_STANDARD = gnu99;
				GCC_DYNAMIC_NO_PIC = NO;
				GCC_NO_COMMON_BLOCKS = YES;
				GCC_OPTIMIZATION_LEVEL = 0;
				GCC_PREPROCESSOR_DEFINITIONS = (
					"DEBUG=1",
					"$(inherited)",
				);
				GCC_WARN_64_TO_32_BIT_CONVERSION = YES;
				GCC_WARN_ABOUT_RETURN_TYPE = YES_ERROR;
				GCC_WARN_UNDECLARED_SELECTOR = YES;
				GCC_WARN_UNINITIALIZED_AUTOS = YES_AGGRESSIVE;
				GCC_WARN_UNUSED_FUNCTION = YES;
				GCC_WARN_UNUSED_VARIABLE = YES;
				IPHONEOS_DEPLOYMENT_TARGET = 9.2;
				MTL_ENABLE_DEBUG_INFO = YES;
				ONLY_ACTIVE_ARCH = YES;
				SDKROOT = iphoneos;
				SWIFT_OPTIMIZATION_LEVEL = "-Onone";
				TARGETED_DEVICE_FAMILY = "1,2";
			};
			name = Debug;
		};
		94D274031C61927900C1A569 /* Release */ = {
			isa = XCBuildConfiguration;
			buildSettings = {
				ALWAYS_SEARCH_USER_PATHS = NO;
				CLANG_CXX_LANGUAGE_STANDARD = "gnu++0x";
				CLANG_CXX_LIBRARY = "libc++";
				CLANG_ENABLE_MODULES = YES;
				CLANG_ENABLE_OBJC_ARC = YES;
				CLANG_WARN_BOOL_CONVERSION = YES;
				CLANG_WARN_CONSTANT_CONVERSION = YES;
				CLANG_WARN_DIRECT_OBJC_ISA_USAGE = YES_ERROR;
				CLANG_WARN_EMPTY_BODY = YES;
				CLANG_WARN_ENUM_CONVERSION = YES;
				CLANG_WARN_INT_CONVERSION = YES;
				CLANG_WARN_OBJC_ROOT_CLASS = YES_ERROR;
				CLANG_WARN_UNREACHABLE_CODE = YES;
				CLANG_WARN__DUPLICATE_METHOD_MATCH = YES;
				"CODE_SIGN_IDENTITY[sdk=iphoneos*]" = "iPhone Developer";
				COPY_PHASE_STRIP = NO;
				DEBUG_INFORMATION_FORMAT = "dwarf-with-dsym";
				ENABLE_NS_ASSERTIONS = NO;
				ENABLE_STRICT_OBJC_MSGSEND = YES;
				GCC_C_LANGUAGE_STANDARD = gnu99;
				GCC_NO_COMMON_BLOCKS = YES;
				GCC_WARN_64_TO_32_BIT_CONVERSION = YES;
				GCC_WARN_ABOUT_RETURN_TYPE = YES_ERROR;
				GCC_WARN_UNDECLARED_SELECTOR = YES;
				GCC_WARN_UNINITIALIZED_AUTOS = YES_AGGRESSIVE;
				GCC_WARN_UNUSED_FUNCTION = YES;
				GCC_WARN_UNUSED_VARIABLE = YES;
				IPHONEOS_DEPLOYMENT_TARGET = 9.2;
				MTL_ENABLE_DEBUG_INFO = NO;
				SDKROOT = iphoneos;
				TARGETED_DEVICE_FAMILY = "1,2";
				VALIDATE_PRODUCT = YES;
			};
			name = Release;
		};
		94D274051C61927900C1A569 /* Debug */ = {
			isa = XCBuildConfiguration;
			buildSettings = {
				ASSETCATALOG_COMPILER_APPICON_NAME = AppIcon;
				INFOPLIST_FILE = tapper/Info.plist;
				LD_RUNPATH_SEARCH_PATHS = "$(inherited) @executable_path/Frameworks";
				PRODUCT_BUNDLE_IDENTIFIER = com.ryan.tapper;
				PRODUCT_NAME = "$(TARGET_NAME)";
			};
			name = Debug;
		};
		94D274061C61927900C1A569 /* Release */ = {
			isa = XCBuildConfiguration;
			buildSettings = {
				ASSETCATALOG_COMPILER_APPICON_NAME = AppIcon;
				INFOPLIST_FILE = tapper/Info.plist;
				LD_RUNPATH_SEARCH_PATHS = "$(inherited) @executable_path/Frameworks";
				PRODUCT_BUNDLE_IDENTIFIER = com.ryan.tapper;
				PRODUCT_NAME = "$(TARGET_NAME)";
			};
			name = Release;
		};
/* End XCBuildConfiguration section */

/* Begin XCConfigurationList section */
		94D273ED1C61927900C1A569 /* Build configuration list for PBXProject "tapper" */ = {
			isa = XCConfigurationList;
			buildConfigurations = (
				94D274021C61927900C1A569 /* Debug */,
				94D274031C61927900C1A569 /* Release */,
			);
			defaultConfigurationIsVisible = 0;
			defaultConfigurationName = Release;
		};
		94D274041C61927900C1A569 /* Build configuration list for PBXNativeTarget "tapper" */ = {
			isa = XCConfigurationList;
			buildConfigurations = (
				94D274051C61927900C1A569 /* Debug */,
				94D274061C61927900C1A569 /* Release */,
			);
			defaultConfigurationIsVisible = 0;
		};
/* End XCConfigurationList section */
	};
	rootObject = 94D273EA1C61927900C1A569 /* Project object */;
}
